
Microsoft Visual Studio Solution File, Format Version 12.00
# Visual Studio Version 17
VisualStudioVersion = 17.14.36310.24
MinimumVisualStudioVersion = 10.0.40219.1
Project("{2150E333-8FDC-42A3-9474-1A3956D46DE8}") = "Infrastructure", "Infrastructure", "{02EA681E-C7D8-13C7-8484-4AC65E1B71E8}"
EndProject
Project("{FAE04EC0-301F-11D3-BF4B-00C04F79EFBC}") = "Infrastructure", "Infrastructure\Infrastructure.csproj", "{9C483F14-57B3-4BB3-A213-4401B188C3D4}"
EndProject
Project("{2150E333-8FDC-42A3-9474-1A3956D46DE8}") = "Services", "Services", "{34B0DA73-1783-489E-BCEE-0439FAF43C68}"
EndProject
Project("{FAE04EC0-301F-11D3-BF4B-00C04F79EFBC}") = "ApiGateway", "ApiGateway\ApiGateway.csproj", "{E5366502-A2D1-4B81-9665-1385D0E35585}"
EndProject
Project("{FAE04EC0-301F-11D3-BF4B-00C04F79EFBC}") = "AppHost", "AppHost\AppHost.csproj", "{5B81632C-6559-4D41-9F56-09BF703CE7FA}"
EndProject
Project("{FAE04EC0-301F-11D3-BF4B-00C04F79EFBC}") = "TenantService", "Services\TenantService\TenantService.csproj", "{079E74A8-1758-4926-0EF1-EBAF9921406D}"
EndProject
Project("{FAE04EC0-301F-11D3-BF4B-00C04F79EFBC}") = "AccountService", "Services\AccountService\AccountService.csproj", "{48B77330-E520-59DC-32A3-141E82BA3373}"
EndProject
Project("{FAE04EC0-301F-11D3-BF4B-00C04F79EFBC}") = "DocumentService", "Services\DocumentService\DocumentService.csproj", "{22FB5245-91C4-7667-B958-D27495A38CBD}"
EndProject
Project("{FAE04EC0-301F-11D3-BF4B-00C04F79EFBC}") = "StorageService", "Services\StorageService\StorageService.csproj", "{80CBFD2B-5FE5-0B06-E862-BB8ABF99224C}"
EndProject
Global
	GlobalSection(SolutionConfigurationPlatforms) = preSolution
		Debug|Any CPU = Debug|Any CPU
		Release|Any CPU = Release|Any CPU
	EndGlobalSection
	GlobalSection(ProjectConfigurationPlatforms) = postSolution
		{9C483F14-57B3-4BB3-A213-4401B188C3D4}.Debug|Any CPU.ActiveCfg = Debug|Any CPU
		{9C483F14-57B3-4BB3-A213-4401B188C3D4}.Debug|Any CPU.Build.0 = Debug|Any CPU
		{9C483F14-57B3-4BB3-A213-4401B188C3D4}.Release|Any CPU.ActiveCfg = Release|Any CPU
		{9C483F14-57B3-4BB3-A213-4401B188C3D4}.Release|Any CPU.Build.0 = Release|Any CPU
		{E5366502-A2D1-4B81-9665-1385D0E35585}.Debug|Any CPU.ActiveCfg = Debug|Any CPU
		{E5366502-A2D1-4B81-9665-1385D0E35585}.Debug|Any CPU.Build.0 = Debug|Any CPU
		{E5366502-A2D1-4B81-9665-1385D0E35585}.Release|Any CPU.ActiveCfg = Release|Any CPU
		{E5366502-A2D1-4B81-9665-1385D0E35585}.Release|Any CPU.Build.0 = Release|Any CPU
		{5B81632C-6559-4D41-9F56-09BF703CE7FA}.Debug|Any CPU.ActiveCfg = Debug|Any CPU
		{5B81632C-6559-4D41-9F56-09BF703CE7FA}.Debug|Any CPU.Build.0 = Debug|Any CPU
		{5B81632C-6559-4D41-9F56-09BF703CE7FA}.Release|Any CPU.ActiveCfg = Release|Any CPU
		{5B81632C-6559-4D41-9F56-09BF703CE7FA}.Release|Any CPU.Build.0 = Release|Any CPU
		{079E74A8-1758-4926-0EF1-EBAF9921406D}.Debug|Any CPU.ActiveCfg = Debug|Any CPU
		{079E74A8-1758-4926-0EF1-EBAF9921406D}.Debug|Any CPU.Build.0 = Debug|Any CPU
		{079E74A8-1758-4926-0EF1-EBAF9921406D}.Release|Any CPU.ActiveCfg = Release|Any CPU
		{079E74A8-1758-4926-0EF1-EBAF9921406D}.Release|Any CPU.Build.0 = Release|Any CPU
		{48B77330-E520-59DC-32A3-141E82BA3373}.Debug|Any CPU.ActiveCfg = Debug|Any CPU
		{48B77330-E520-59DC-32A3-141E82BA3373}.Debug|Any CPU.Build.0 = Debug|Any CPU
		{48B77330-E520-59DC-32A3-141E82BA3373}.Release|Any CPU.ActiveCfg = Release|Any CPU
		{48B77330-E520-59DC-32A3-141E82BA3373}.Release|Any CPU.Build.0 = Release|Any CPU
		{22FB5245-91C4-7667-B958-D27495A38CBD}.Debug|Any CPU.ActiveCfg = Debug|Any CPU
		{22FB5245-91C4-7667-B958-D27495A38CBD}.Debug|Any CPU.Build.0 = Debug|Any CPU
		{22FB5245-91C4-7667-B958-D27495A38CBD}.Release|Any CPU.ActiveCfg = Release|Any CPU
		{22FB5245-91C4-7667-B958-D27495A38CBD}.Release|Any CPU.Build.0 = Release|Any CPU
		{80CBFD2B-5FE5-0B06-E862-BB8ABF99224C}.Debug|Any CPU.ActiveCfg = Debug|Any CPU
		{80CBFD2B-5FE5-0B06-E862-BB8ABF99224C}.Debug|Any CPU.Build.0 = Debug|Any CPU
		{80CBFD2B-5FE5-0B06-E862-BB8ABF99224C}.Release|Any CPU.ActiveCfg = Release|Any CPU
		{80CBFD2B-5FE5-0B06-E862-BB8ABF99224C}.Release|Any CPU.Build.0 = Release|Any CPU
	EndGlobalSection
	GlobalSection(SolutionProperties) = preSolution
		HideSolutionNode = FALSE
	EndGlobalSection
	GlobalSection(NestedProjects) = preSolution
		{9C483F14-57B3-4BB3-A213-4401B188C3D4} = {02EA681E-C7D8-13C7-8484-4AC65E1B71E8}
		{079E74A8-1758-4926-0EF1-EBAF9921406D} = {34B0DA73-1783-489E-BCEE-0439FAF43C68}
		{48B77330-E520-59DC-32A3-141E82BA3373} = {34B0DA73-1783-489E-BCEE-0439FAF43C68}
		{22FB5245-91C4-7667-B958-D27495A38CBD} = {34B0DA73-1783-489E-BCEE-0439FAF43C68}
		{80CBFD2B-5FE5-0B06-E862-BB8ABF99224C} = {34B0DA73-1783-489E-BCEE-0439FAF43C68}
	EndGlobalSection
	GlobalSection(ExtensibilityGlobals) = postSolution
		SolutionGuid = {E34BD2E9-64F3-4F69-B222-A53786A7EC73}
	EndGlobalSection
EndGlobal
